
Microsoft Visual Studio Solution File, Format Version 12.00
# Visual Studio Version 17
VisualStudioVersion = 17.3.32819.101
MinimumVisualStudioVersion = 10.0.40219.1
Project("{FAE04EC0-301F-11D3-BF4B-00C04F79EFBC}") = "PL_Kranon", "PL_Kranon\PL_Kranon.csproj", "{20BB5206-5DA3-41E1-917A-329CE029BC88}"
EndProject
Project("{FAE04EC0-301F-11D3-BF4B-00C04F79EFBC}") = "SL_Kranon", "SL_Kranon\SL_Kranon.csproj", "{891E92E6-3D3F-4DD3-BB5F-3466B422A948}"
EndProject
Project("{FAE04EC0-301F-11D3-BF4B-00C04F79EFBC}") = "BL", "BL\BL.csproj", "{4330CD6A-75D2-4ABE-839D-167B992CA696}"
EndProject
Project("{FAE04EC0-301F-11D3-BF4B-00C04F79EFBC}") = "DL", "DL\DL.csproj", "{D62E1CB6-DD22-419D-B342-D4D0E936CFF1}"
EndProject
Project("{FAE04EC0-301F-11D3-BF4B-00C04F79EFBC}") = "ML", "ML\ML.csproj", "{09E1BB19-84EA-49A7-8C8B-90E8C9DFA81E}"
EndProject
Global
	GlobalSection(SolutionConfigurationPlatforms) = preSolution
		Debug|Any CPU = Debug|Any CPU
		Release|Any CPU = Release|Any CPU
	EndGlobalSection
	GlobalSection(ProjectConfigurationPlatforms) = postSolution
		{20BB5206-5DA3-41E1-917A-329CE029BC88}.Debug|Any CPU.ActiveCfg = Debug|Any CPU
		{20BB5206-5DA3-41E1-917A-329CE029BC88}.Debug|Any CPU.Build.0 = Debug|Any CPU
		{20BB5206-5DA3-41E1-917A-329CE029BC88}.Release|Any CPU.ActiveCfg = Release|Any CPU
		{20BB5206-5DA3-41E1-917A-329CE029BC88}.Release|Any CPU.Build.0 = Release|Any CPU
		{891E92E6-3D3F-4DD3-BB5F-3466B422A948}.Debug|Any CPU.ActiveCfg = Debug|Any CPU
		{891E92E6-3D3F-4DD3-BB5F-3466B422A948}.Debug|Any CPU.Build.0 = Debug|Any CPU
		{891E92E6-3D3F-4DD3-BB5F-3466B422A948}.Release|Any CPU.ActiveCfg = Release|Any CPU
		{891E92E6-3D3F-4DD3-BB5F-3466B422A948}.Release|Any CPU.Build.0 = Release|Any CPU
		{4330CD6A-75D2-4ABE-839D-167B992CA696}.Debug|Any CPU.ActiveCfg = Debug|Any CPU
		{4330CD6A-75D2-4ABE-839D-167B992CA696}.Debug|Any CPU.Build.0 = Debug|Any CPU
		{4330CD6A-75D2-4ABE-839D-167B992CA696}.Release|Any CPU.ActiveCfg = Release|Any CPU
		{4330CD6A-75D2-4ABE-839D-167B992CA696}.Release|Any CPU.Build.0 = Release|Any CPU
		{D62E1CB6-DD22-419D-B342-D4D0E936CFF1}.Debug|Any CPU.ActiveCfg = Debug|Any CPU
		{D62E1CB6-DD22-419D-B342-D4D0E936CFF1}.Debug|Any CPU.Build.0 = Debug|Any CPU
		{D62E1CB6-DD22-419D-B342-D4D0E936CFF1}.Release|Any CPU.ActiveCfg = Release|Any CPU
		{D62E1CB6-DD22-419D-B342-D4D0E936CFF1}.Release|Any CPU.Build.0 = Release|Any CPU
		{09E1BB19-84EA-49A7-8C8B-90E8C9DFA81E}.Debug|Any CPU.ActiveCfg = Debug|Any CPU
		{09E1BB19-84EA-49A7-8C8B-90E8C9DFA81E}.Debug|Any CPU.Build.0 = Debug|Any CPU
		{09E1BB19-84EA-49A7-8C8B-90E8C9DFA81E}.Release|Any CPU.ActiveCfg = Release|Any CPU
		{09E1BB19-84EA-49A7-8C8B-90E8C9DFA81E}.Release|Any CPU.Build.0 = Release|Any CPU
	EndGlobalSection
	GlobalSection(SolutionProperties) = preSolution
		HideSolutionNode = FALSE
	EndGlobalSection
	GlobalSection(ExtensibilityGlobals) = postSolution
		SolutionGuid = {5F3747DC-4DF1-47B3-B968-2587C50490BC}
	EndGlobalSection
EndGlobal
